
Microsoft Visual Studio Solution File, Format Version 12.00
# Visual Studio 15
VisualStudioVersion = 15.0.27703.2026
MinimumVisualStudioVersion = 10.0.40219.1
Project("{FAE04EC0-301F-11D3-BF4B-00C04F79EFBC}") = "ListFileCopy_0", "ListFileCopy_0\ListFileCopy_0.csproj", "{2C32DFAB-4226-43A5-8F8F-35D6AC0C81D5}"
EndProject
Global
	GlobalSection(SolutionConfigurationPlatforms) = preSolution
		Debug|Any CPU = Debug|Any CPU
		Release|Any CPU = Release|Any CPU
	EndGlobalSection
	GlobalSection(ProjectConfigurationPlatforms) = postSolution
		{2C32DFAB-4226-43A5-8F8F-35D6AC0C81D5}.Debug|Any CPU.ActiveCfg = Debug|Any CPU
		{2C32DFAB-4226-43A5-8F8F-35D6AC0C81D5}.Debug|Any CPU.Build.0 = Debug|Any CPU
		{2C32DFAB-4226-43A5-8F8F-35D6AC0C81D5}.Debug|Any CPU.Deploy.0 = Debug|Any CPU
		{2C32DFAB-4226-43A5-8F8F-35D6AC0C81D5}.Release|Any CPU.ActiveCfg = Release|Any CPU
		{2C32DFAB-4226-43A5-8F8F-35D6AC0C81D5}.Release|Any CPU.Build.0 = Release|Any CPU
		{2C32DFAB-4226-43A5-8F8F-35D6AC0C81D5}.Release|Any CPU.Deploy.0 = Release|Any CPU
	EndGlobalSection
	GlobalSection(SolutionProperties) = preSolution
		HideSolutionNode = FALSE
	EndGlobalSection
	GlobalSection(ExtensibilityGlobals) = postSolution
		SolutionGuid = {1ACCD953-B2F1-48CA-8F2D-587980E47CD0}
	EndGlobalSection
EndGlobal
